
Microsoft Visual Studio Solution File, Format Version 12.00
# Visual Studio Version 17
VisualStudioVersion = 17.3.32901.215
MinimumVisualStudioVersion = 10.0.40219.1
Project("{FAE04EC0-301F-11D3-BF4B-00C04F79EFBC}") = "UiPath.Dummy.ActivityProject", "UiPath.Dummy.ActivityProject\UiPath.Dummy.ActivityProject.csproj", "{7C50F97F-FD4F-40F3-AC11-22A99C66B4C3}"
EndProject
Global
	GlobalSection(SolutionConfigurationPlatforms) = preSolution
		Debug|Any CPU = Debug|Any CPU
		Release|Any CPU = Release|Any CPU
	EndGlobalSection
	GlobalSection(ProjectConfigurationPlatforms) = postSolution
		{7C50F97F-FD4F-40F3-AC11-22A99C66B4C3}.Debug|Any CPU.ActiveCfg = Debug|Any CPU
		{7C50F97F-FD4F-40F3-AC11-22A99C66B4C3}.Debug|Any CPU.Build.0 = Debug|Any CPU
		{7C50F97F-FD4F-40F3-AC11-22A99C66B4C3}.Release|Any CPU.ActiveCfg = Release|Any CPU
		{7C50F97F-FD4F-40F3-AC11-22A99C66B4C3}.Release|Any CPU.Build.0 = Release|Any CPU
	EndGlobalSection
	GlobalSection(SolutionProperties) = preSolution
		HideSolutionNode = FALSE
	EndGlobalSection
	GlobalSection(ExtensibilityGlobals) = postSolution
		SolutionGuid = {3A895E06-9BA0-4890-B1E5-AECAD63DBF41}
	EndGlobalSection
EndGlobal
